
Microsoft Visual Studio Solution File, Format Version 12.00
# Visual Studio Version 16
VisualStudioVersion = 16.0.30611.23
MinimumVisualStudioVersion = 10.0.40219.1
Project("{FAE04EC0-301F-11D3-BF4B-00C04F79EFBC}") = "AzureSQL2", "AzureSQL2\AzureSQL2.csproj", "{3C13F9F2-1EB0-4826-B538-DD402F089E06}"
EndProject
Global
	GlobalSection(SolutionConfigurationPlatforms) = preSolution
		Debug|Any CPU = Debug|Any CPU
		Release|Any CPU = Release|Any CPU
	EndGlobalSection
	GlobalSection(ProjectConfigurationPlatforms) = postSolution
		{3C13F9F2-1EB0-4826-B538-DD402F089E06}.Debug|Any CPU.ActiveCfg = Debug|Any CPU
		{3C13F9F2-1EB0-4826-B538-DD402F089E06}.Debug|Any CPU.Build.0 = Debug|Any CPU
		{3C13F9F2-1EB0-4826-B538-DD402F089E06}.Release|Any CPU.ActiveCfg = Release|Any CPU
		{3C13F9F2-1EB0-4826-B538-DD402F089E06}.Release|Any CPU.Build.0 = Release|Any CPU
	EndGlobalSection
	GlobalSection(SolutionProperties) = preSolution
		HideSolutionNode = FALSE
	EndGlobalSection
	GlobalSection(ExtensibilityGlobals) = postSolution
		SolutionGuid = {349937CB-DD89-4CC4-9B60-9BCF97782437}
	EndGlobalSection
EndGlobal
